
Microsoft Visual Studio Solution File, Format Version 12.00
# Visual Studio 14
VisualStudioVersion = 14.0.24720.0
MinimumVisualStudioVersion = 10.0.40219.1
Project("{FAE04EC0-301F-11D3-BF4B-00C04F79EFBC}") = "BlocNotasCurso.Droid", "BlocNotasCurso\BlocNotasCurso.Droid\BlocNotasCurso.Droid.csproj", "{6CA14253-0323-43F8-BD6E-9DF44E878DE4}"
EndProject
Project("{FAE04EC0-301F-11D3-BF4B-00C04F79EFBC}") = "BlocNotasCurso.iOS", "BlocNotasCurso\BlocNotasCurso.iOS\BlocNotasCurso.iOS.csproj", "{65DFC8E6-2990-4164-9C9C-3EA0EC515D6A}"
EndProject
Project("{FAE04EC0-301F-11D3-BF4B-00C04F79EFBC}") = "BlocNotasCurso.WinPhone", "BlocNotasCurso\BlocNotasCurso.WinPhone\BlocNotasCurso.WinPhone.csproj", "{75A70D7B-E0C7-419A-A1EB-FF792D374364}"
EndProject
Project("{FAE04EC0-301F-11D3-BF4B-00C04F79EFBC}") = "BlocNotasCurso", "BlocNotasCurso\BlocNotasCurso\BlocNotasCurso.csproj", "{1EEEDF3B-6F9C-4D35-8148-2B8F2E9D67EF}"
EndProject
Global
	GlobalSection(SolutionConfigurationPlatforms) = preSolution
		Ad-Hoc|Any CPU = Ad-Hoc|Any CPU
		Ad-Hoc|ARM = Ad-Hoc|ARM
		Ad-Hoc|iPhone = Ad-Hoc|iPhone
		Ad-Hoc|iPhoneSimulator = Ad-Hoc|iPhoneSimulator
		Ad-Hoc|x86 = Ad-Hoc|x86
		AppStore|Any CPU = AppStore|Any CPU
		AppStore|ARM = AppStore|ARM
		AppStore|iPhone = AppStore|iPhone
		AppStore|iPhoneSimulator = AppStore|iPhoneSimulator
		AppStore|x86 = AppStore|x86
		Debug|Any CPU = Debug|Any CPU
		Debug|ARM = Debug|ARM
		Debug|iPhone = Debug|iPhone
		Debug|iPhoneSimulator = Debug|iPhoneSimulator
		Debug|x86 = Debug|x86
		Release|Any CPU = Release|Any CPU
		Release|ARM = Release|ARM
		Release|iPhone = Release|iPhone
		Release|iPhoneSimulator = Release|iPhoneSimulator
		Release|x86 = Release|x86
	EndGlobalSection
	GlobalSection(ProjectConfigurationPlatforms) = postSolution
		{6CA14253-0323-43F8-BD6E-9DF44E878DE4}.Ad-Hoc|Any CPU.ActiveCfg = Release|Any CPU
		{6CA14253-0323-43F8-BD6E-9DF44E878DE4}.Ad-Hoc|Any CPU.Build.0 = Release|Any CPU
		{6CA14253-0323-43F8-BD6E-9DF44E878DE4}.Ad-Hoc|Any CPU.Deploy.0 = Release|Any CPU
		{6CA14253-0323-43F8-BD6E-9DF44E878DE4}.Ad-Hoc|ARM.ActiveCfg = Release|Any CPU
		{6CA14253-0323-43F8-BD6E-9DF44E878DE4}.Ad-Hoc|ARM.Build.0 = Release|Any CPU
		{6CA14253-0323-43F8-BD6E-9DF44E878DE4}.Ad-Hoc|ARM.Deploy.0 = Release|Any CPU
		{6CA14253-0323-43F8-BD6E-9DF44E878DE4}.Ad-Hoc|iPhone.ActiveCfg = Release|Any CPU
		{6CA14253-0323-43F8-BD6E-9DF44E878DE4}.Ad-Hoc|iPhone.Build.0 = Release|Any CPU
		{6CA14253-0323-43F8-BD6E-9DF44E878DE4}.Ad-Hoc|iPhone.Deploy.0 = Release|Any CPU
		{6CA14253-0323-43F8-BD6E-9DF44E878DE4}.Ad-Hoc|iPhoneSimulator.ActiveCfg = Release|Any CPU
		{6CA14253-0323-43F8-BD6E-9DF44E878DE4}.Ad-Hoc|iPhoneSimulator.Build.0 = Release|Any CPU
		{6CA14253-0323-43F8-BD6E-9DF44E878DE4}.Ad-Hoc|iPhoneSimulator.Deploy.0 = Release|Any CPU
		{6CA14253-0323-43F8-BD6E-9DF44E878DE4}.Ad-Hoc|x86.ActiveCfg = Release|Any CPU
		{6CA14253-0323-43F8-BD6E-9DF44E878DE4}.Ad-Hoc|x86.Build.0 = Release|Any CPU
		{6CA14253-0323-43F8-BD6E-9DF44E878DE4}.Ad-Hoc|x86.Deploy.0 = Release|Any CPU
		{6CA14253-0323-43F8-BD6E-9DF44E878DE4}.AppStore|Any CPU.ActiveCfg = Release|Any CPU
		{6CA14253-0323-43F8-BD6E-9DF44E878DE4}.AppStore|Any CPU.Build.0 = Release|Any CPU
		{6CA14253-0323-43F8-BD6E-9DF44E878DE4}.AppStore|Any CPU.Deploy.0 = Release|Any CPU
		{6CA14253-0323-43F8-BD6E-9DF44E878DE4}.AppStore|ARM.ActiveCfg = Release|Any CPU
		{6CA14253-0323-43F8-BD6E-9DF44E878DE4}.AppStore|ARM.Build.0 = Release|Any CPU
		{6CA14253-0323-43F8-BD6E-9DF44E878DE4}.AppStore|ARM.Deploy.0 = Release|Any CPU
		{6CA14253-0323-43F8-BD6E-9DF44E878DE4}.AppStore|iPhone.ActiveCfg = Release|Any CPU
		{6CA14253-0323-43F8-BD6E-9DF44E878DE4}.AppStore|iPhone.Build.0 = Release|Any CPU
		{6CA14253-0323-43F8-BD6E-9DF44E878DE4}.AppStore|iPhone.Deploy.0 = Release|Any CPU
		{6CA14253-0323-43F8-BD6E-9DF44E878DE4}.AppStore|iPhoneSimulator.ActiveCfg = Release|Any CPU
		{6CA14253-0323-43F8-BD6E-9DF44E878DE4}.AppStore|iPhoneSimulator.Build.0 = Release|Any CPU
		{6CA14253-0323-43F8-BD6E-9DF44E878DE4}.AppStore|iPhoneSimulator.Deploy.0 = Release|Any CPU
		{6CA14253-0323-43F8-BD6E-9DF44E878DE4}.AppStore|x86.ActiveCfg = Release|Any CPU
		{6CA14253-0323-43F8-BD6E-9DF44E878DE4}.AppStore|x86.Build.0 = Release|Any CPU
		{6CA14253-0323-43F8-BD6E-9DF44E878DE4}.AppStore|x86.Deploy.0 = Release|Any CPU
		{6CA14253-0323-43F8-BD6E-9DF44E878DE4}.Debug|Any CPU.ActiveCfg = Debug|Any CPU
		{6CA14253-0323-43F8-BD6E-9DF44E878DE4}.Debug|Any CPU.Build.0 = Debug|Any CPU
		{6CA14253-0323-43F8-BD6E-9DF44E878DE4}.Debug|Any CPU.Deploy.0 = Debug|Any CPU
		{6CA14253-0323-43F8-BD6E-9DF44E878DE4}.Debug|ARM.ActiveCfg = Debug|Any CPU
		{6CA14253-0323-43F8-BD6E-9DF44E878DE4}.Debug|ARM.Build.0 = Debug|Any CPU
		{6CA14253-0323-43F8-BD6E-9DF44E878DE4}.Debug|ARM.Deploy.0 = Debug|Any CPU
		{6CA14253-0323-43F8-BD6E-9DF44E878DE4}.Debug|iPhone.ActiveCfg = Debug|Any CPU
		{6CA14253-0323-43F8-BD6E-9DF44E878DE4}.Debug|iPhone.Build.0 = Debug|Any CPU
		{6CA14253-0323-43F8-BD6E-9DF44E878DE4}.Debug|iPhone.Deploy.0 = Debug|Any CPU
		{6CA14253-0323-43F8-BD6E-9DF44E878DE4}.Debug|iPhoneSimulator.ActiveCfg = Debug|Any CPU
		{6CA14253-0323-43F8-BD6E-9DF44E878DE4}.Debug|iPhoneSimulator.Build.0 = Debug|Any CPU
		{6CA14253-0323-43F8-BD6E-9DF44E878DE4}.Debug|iPhoneSimulator.Deploy.0 = Debug|Any CPU
		{6CA14253-0323-43F8-BD6E-9DF44E878DE4}.Debug|x86.ActiveCfg = Debug|Any CPU
		{6CA14253-0323-43F8-BD6E-9DF44E878DE4}.Debug|x86.Build.0 = Debug|Any CPU
		{6CA14253-0323-43F8-BD6E-9DF44E878DE4}.Debug|x86.Deploy.0 = Debug|Any CPU
		{6CA14253-0323-43F8-BD6E-9DF44E878DE4}.Release|Any CPU.ActiveCfg = Release|Any CPU
		{6CA14253-0323-43F8-BD6E-9DF44E878DE4}.Release|Any CPU.Build.0 = Release|Any CPU
		{6CA14253-0323-43F8-BD6E-9DF44E878DE4}.Release|Any CPU.Deploy.0 = Release|Any CPU
		{6CA14253-0323-43F8-BD6E-9DF44E878DE4}.Release|ARM.ActiveCfg = Release|Any CPU
		{6CA14253-0323-43F8-BD6E-9DF44E878DE4}.Release|ARM.Build.0 = Release|Any CPU
		{6CA14253-0323-43F8-BD6E-9DF44E878DE4}.Release|ARM.Deploy.0 = Release|Any CPU
		{6CA14253-0323-43F8-BD6E-9DF44E878DE4}.Release|iPhone.ActiveCfg = Release|Any CPU
		{6CA14253-0323-43F8-BD6E-9DF44E878DE4}.Release|iPhone.Build.0 = Release|Any CPU
		{6CA14253-0323-43F8-BD6E-9DF44E878DE4}.Release|iPhone.Deploy.0 = Release|Any CPU
		{6CA14253-0323-43F8-BD6E-9DF44E878DE4}.Release|iPhoneSimulator.ActiveCfg = Release|Any CPU
		{6CA14253-0323-43F8-BD6E-9DF44E878DE4}.Release|iPhoneSimulator.Build.0 = Release|Any CPU
		{6CA14253-0323-43F8-BD6E-9DF44E878DE4}.Release|iPhoneSimulator.Deploy.0 = Release|Any CPU
		{6CA14253-0323-43F8-BD6E-9DF44E878DE4}.Release|x86.ActiveCfg = Release|Any CPU
		{6CA14253-0323-43F8-BD6E-9DF44E878DE4}.Release|x86.Build.0 = Release|Any CPU
		{6CA14253-0323-43F8-BD6E-9DF44E878DE4}.Release|x86.Deploy.0 = Release|Any CPU
		{65DFC8E6-2990-4164-9C9C-3EA0EC515D6A}.Ad-Hoc|Any CPU.ActiveCfg = Ad-Hoc|iPhone
		{65DFC8E6-2990-4164-9C9C-3EA0EC515D6A}.Ad-Hoc|ARM.ActiveCfg = Ad-Hoc|iPhone
		{65DFC8E6-2990-4164-9C9C-3EA0EC515D6A}.Ad-Hoc|iPhone.ActiveCfg = Ad-Hoc|iPhone
		{65DFC8E6-2990-4164-9C9C-3EA0EC515D6A}.Ad-Hoc|iPhone.Build.0 = Ad-Hoc|iPhone
		{65DFC8E6-2990-4164-9C9C-3EA0EC515D6A}.Ad-Hoc|iPhoneSimulator.ActiveCfg = Ad-Hoc|iPhoneSimulator
		{65DFC8E6-2990-4164-9C9C-3EA0EC515D6A}.Ad-Hoc|iPhoneSimulator.Build.0 = Ad-Hoc|iPhoneSimulator
		{65DFC8E6-2990-4164-9C9C-3EA0EC515D6A}.Ad-Hoc|x86.ActiveCfg = Ad-Hoc|iPhone
		{65DFC8E6-2990-4164-9C9C-3EA0EC515D6A}.AppStore|Any CPU.ActiveCfg = AppStore|iPhone
		{65DFC8E6-2990-4164-9C9C-3EA0EC515D6A}.AppStore|ARM.ActiveCfg = AppStore|iPhone
		{65DFC8E6-2990-4164-9C9C-3EA0EC515D6A}.AppStore|iPhone.ActiveCfg = AppStore|iPhone
		{65DFC8E6-2990-4164-9C9C-3EA0EC515D6A}.AppStore|iPhone.Build.0 = AppStore|iPhone
		{65DFC8E6-2990-4164-9C9C-3EA0EC515D6A}.AppStore|iPhoneSimulator.ActiveCfg = AppStore|iPhoneSimulator
		{65DFC8E6-2990-4164-9C9C-3EA0EC515D6A}.AppStore|iPhoneSimulator.Build.0 = AppStore|iPhoneSimulator
		{65DFC8E6-2990-4164-9C9C-3EA0EC515D6A}.AppStore|x86.ActiveCfg = AppStore|iPhone
		{65DFC8E6-2990-4164-9C9C-3EA0EC515D6A}.Debug|Any CPU.ActiveCfg = Debug|iPhone
		{65DFC8E6-2990-4164-9C9C-3EA0EC515D6A}.Debug|ARM.ActiveCfg = Debug|iPhone
		{65DFC8E6-2990-4164-9C9C-3EA0EC515D6A}.Debug|iPhone.ActiveCfg = Debug|iPhone
		{65DFC8E6-2990-4164-9C9C-3EA0EC515D6A}.Debug|iPhone.Build.0 = Debug|iPhone
		{65DFC8E6-2990-4164-9C9C-3EA0EC515D6A}.Debug|iPhoneSimulator.ActiveCfg = Debug|iPhoneSimulator
		{65DFC8E6-2990-4164-9C9C-3EA0EC515D6A}.Debug|iPhoneSimulator.Build.0 = Debug|iPhoneSimulator
		{65DFC8E6-2990-4164-9C9C-3EA0EC515D6A}.Debug|x86.ActiveCfg = Debug|iPhone
		{65DFC8E6-2990-4164-9C9C-3EA0EC515D6A}.Release|Any CPU.ActiveCfg = Release|iPhone
		{65DFC8E6-2990-4164-9C9C-3EA0EC515D6A}.Release|ARM.ActiveCfg = Release|iPhone
		{65DFC8E6-2990-4164-9C9C-3EA0EC515D6A}.Release|iPhone.ActiveCfg = Release|iPhone
		{65DFC8E6-2990-4164-9C9C-3EA0EC515D6A}.Release|iPhone.Build.0 = Release|iPhone
		{65DFC8E6-2990-4164-9C9C-3EA0EC515D6A}.Release|iPhoneSimulator.ActiveCfg = Release|iPhoneSimulator
		{65DFC8E6-2990-4164-9C9C-3EA0EC515D6A}.Release|iPhoneSimulator.Build.0 = Release|iPhoneSimulator
		{65DFC8E6-2990-4164-9C9C-3EA0EC515D6A}.Release|x86.ActiveCfg = Release|iPhone
		{75A70D7B-E0C7-419A-A1EB-FF792D374364}.Ad-Hoc|Any CPU.ActiveCfg = Release|Any CPU
		{75A70D7B-E0C7-419A-A1EB-FF792D374364}.Ad-Hoc|Any CPU.Build.0 = Release|Any CPU
		{75A70D7B-E0C7-419A-A1EB-FF792D374364}.Ad-Hoc|Any CPU.Deploy.0 = Release|Any CPU
		{75A70D7B-E0C7-419A-A1EB-FF792D374364}.Ad-Hoc|ARM.ActiveCfg = Release|ARM
		{75A70D7B-E0C7-419A-A1EB-FF792D374364}.Ad-Hoc|ARM.Build.0 = Release|ARM
		{75A70D7B-E0C7-419A-A1EB-FF792D374364}.Ad-Hoc|ARM.Deploy.0 = Release|ARM
		{75A70D7B-E0C7-419A-A1EB-FF792D374364}.Ad-Hoc|iPhone.ActiveCfg = Release|Any CPU
		{75A70D7B-E0C7-419A-A1EB-FF792D374364}.Ad-Hoc|iPhone.Build.0 = Release|Any CPU
		{75A70D7B-E0C7-419A-A1EB-FF792D374364}.Ad-Hoc|iPhone.Deploy.0 = Release|Any CPU
		{75A70D7B-E0C7-419A-A1EB-FF792D374364}.Ad-Hoc|iPhoneSimulator.ActiveCfg = Release|Any CPU
		{75A70D7B-E0C7-419A-A1EB-FF792D374364}.Ad-Hoc|iPhoneSimulator.Build.0 = Release|Any CPU
		{75A70D7B-E0C7-419A-A1EB-FF792D374364}.Ad-Hoc|iPhoneSimulator.Deploy.0 = Release|Any CPU
		{75A70D7B-E0C7-419A-A1EB-FF792D374364}.Ad-Hoc|x86.ActiveCfg = Release|x86
		{75A70D7B-E0C7-419A-A1EB-FF792D374364}.Ad-Hoc|x86.Build.0 = Release|x86
		{75A70D7B-E0C7-419A-A1EB-FF792D374364}.Ad-Hoc|x86.Deploy.0 = Release|x86
		{75A70D7B-E0C7-419A-A1EB-FF792D374364}.AppStore|Any CPU.ActiveCfg = Release|Any CPU
		{75A70D7B-E0C7-419A-A1EB-FF792D374364}.AppStore|Any CPU.Build.0 = Release|Any CPU
		{75A70D7B-E0C7-419A-A1EB-FF792D374364}.AppStore|Any CPU.Deploy.0 = Release|Any CPU
		{75A70D7B-E0C7-419A-A1EB-FF792D374364}.AppStore|ARM.ActiveCfg = Release|ARM
		{75A70D7B-E0C7-419A-A1EB-FF792D374364}.AppStore|ARM.Build.0 = Release|ARM
		{75A70D7B-E0C7-419A-A1EB-FF792D374364}.AppStore|ARM.Deploy.0 = Release|ARM
		{75A70D7B-E0C7-419A-A1EB-FF792D374364}.AppStore|iPhone.ActiveCfg = Release|Any CPU
		{75A70D7B-E0C7-419A-A1EB-FF792D374364}.AppStore|iPhone.Build.0 = Release|Any CPU
		{75A70D7B-E0C7-419A-A1EB-FF792D374364}.AppStore|iPhone.Deploy.0 = Release|Any CPU
		{75A70D7B-E0C7-419A-A1EB-FF792D374364}.AppStore|iPhoneSimulator.ActiveCfg = Release|Any CPU
		{75A70D7B-E0C7-419A-A1EB-FF792D374364}.AppStore|iPhoneSimulator.Build.0 = Release|Any CPU
		{75A70D7B-E0C7-419A-A1EB-FF792D374364}.AppStore|iPhoneSimulator.Deploy.0 = Release|Any CPU
		{75A70D7B-E0C7-419A-A1EB-FF792D374364}.AppStore|x86.ActiveCfg = Release|x86
		{75A70D7B-E0C7-419A-A1EB-FF792D374364}.AppStore|x86.Build.0 = Release|x86
		{75A70D7B-E0C7-419A-A1EB-FF792D374364}.AppStore|x86.Deploy.0 = Release|x86
		{75A70D7B-E0C7-419A-A1EB-FF792D374364}.Debug|Any CPU.ActiveCfg = Debug|Any CPU
		{75A70D7B-E0C7-419A-A1EB-FF792D374364}.Debug|Any CPU.Build.0 = Debug|Any CPU
		{75A70D7B-E0C7-419A-A1EB-FF792D374364}.Debug|Any CPU.Deploy.0 = Debug|Any CPU
		{75A70D7B-E0C7-419A-A1EB-FF792D374364}.Debug|ARM.ActiveCfg = Debug|ARM
		{75A70D7B-E0C7-419A-A1EB-FF792D374364}.Debug|ARM.Build.0 = Debug|ARM
		{75A70D7B-E0C7-419A-A1EB-FF792D374364}.Debug|ARM.Deploy.0 = Debug|ARM
		{75A70D7B-E0C7-419A-A1EB-FF792D374364}.Debug|iPhone.ActiveCfg = Debug|Any CPU
		{75A70D7B-E0C7-419A-A1EB-FF792D374364}.Debug|iPhone.Build.0 = Debug|Any CPU
		{75A70D7B-E0C7-419A-A1EB-FF792D374364}.Debug|iPhone.Deploy.0 = Debug|Any CPU
		{75A70D7B-E0C7-419A-A1EB-FF792D374364}.Debug|iPhoneSimulator.ActiveCfg = Debug|Any CPU
		{75A70D7B-E0C7-419A-A1EB-FF792D374364}.Debug|iPhoneSimulator.Build.0 = Debug|Any CPU
		{75A70D7B-E0C7-419A-A1EB-FF792D374364}.Debug|iPhoneSimulator.Deploy.0 = Debug|Any CPU
		{75A70D7B-E0C7-419A-A1EB-FF792D374364}.Debug|x86.ActiveCfg = Debug|x86
		{75A70D7B-E0C7-419A-A1EB-FF792D374364}.Debug|x86.Build.0 = Debug|x86
		{75A70D7B-E0C7-419A-A1EB-FF792D374364}.Debug|x86.Deploy.0 = Debug|x86
		{75A70D7B-E0C7-419A-A1EB-FF792D374364}.Release|Any CPU.ActiveCfg = Release|Any CPU
		{75A70D7B-E0C7-419A-A1EB-FF792D374364}.Release|Any CPU.Build.0 = Release|Any CPU
		{75A70D7B-E0C7-419A-A1EB-FF792D374364}.Release|Any CPU.Deploy.0 = Release|Any CPU
		{75A70D7B-E0C7-419A-A1EB-FF792D374364}.Release|ARM.ActiveCfg = Release|ARM
		{75A70D7B-E0C7-419A-A1EB-FF792D374364}.Release|ARM.Build.0 = Release|ARM
		{75A70D7B-E0C7-419A-A1EB-FF792D374364}.Release|ARM.Deploy.0 = Release|ARM
		{75A70D7B-E0C7-419A-A1EB-FF792D374364}.Release|iPhone.ActiveCfg = Release|Any CPU
		{75A70D7B-E0C7-419A-A1EB-FF792D374364}.Release|iPhone.Build.0 = Release|Any CPU
		{75A70D7B-E0C7-419A-A1EB-FF792D374364}.Release|iPhone.Deploy.0 = Release|Any CPU
		{75A70D7B-E0C7-419A-A1EB-FF792D374364}.Release|iPhoneSimulator.ActiveCfg = Release|Any CPU
		{75A70D7B-E0C7-419A-A1EB-FF792D374364}.Release|iPhoneSimulator.Build.0 = Release|Any CPU
		{75A70D7B-E0C7-419A-A1EB-FF792D374364}.Release|iPhoneSimulator.Deploy.0 = Release|Any CPU
		{75A70D7B-E0C7-419A-A1EB-FF792D374364}.Release|x86.ActiveCfg = Release|x86
		{75A70D7B-E0C7-419A-A1EB-FF792D374364}.Release|x86.Build.0 = Release|x86
		{75A70D7B-E0C7-419A-A1EB-FF792D374364}.Release|x86.Deploy.0 = Release|x86
		{1EEEDF3B-6F9C-4D35-8148-2B8F2E9D67EF}.Ad-Hoc|Any CPU.ActiveCfg = Release|Any CPU
		{1EEEDF3B-6F9C-4D35-8148-2B8F2E9D67EF}.Ad-Hoc|Any CPU.Build.0 = Release|Any CPU
		{1EEEDF3B-6F9C-4D35-8148-2B8F2E9D67EF}.Ad-Hoc|ARM.ActiveCfg = Release|Any CPU
		{1EEEDF3B-6F9C-4D35-8148-2B8F2E9D67EF}.Ad-Hoc|ARM.Build.0 = Release|Any CPU
		{1EEEDF3B-6F9C-4D35-8148-2B8F2E9D67EF}.Ad-Hoc|iPhone.ActiveCfg = Release|Any CPU
		{1EEEDF3B-6F9C-4D35-8148-2B8F2E9D67EF}.Ad-Hoc|iPhone.Build.0 = Release|Any CPU
		{1EEEDF3B-6F9C-4D35-8148-2B8F2E9D67EF}.Ad-Hoc|iPhoneSimulator.ActiveCfg = Release|Any CPU
		{1EEEDF3B-6F9C-4D35-8148-2B8F2E9D67EF}.Ad-Hoc|iPhoneSimulator.Build.0 = Release|Any CPU
		{1EEEDF3B-6F9C-4D35-8148-2B8F2E9D67EF}.Ad-Hoc|x86.ActiveCfg = Release|Any CPU
		{1EEEDF3B-6F9C-4D35-8148-2B8F2E9D67EF}.Ad-Hoc|x86.Build.0 = Release|Any CPU
		{1EEEDF3B-6F9C-4D35-8148-2B8F2E9D67EF}.AppStore|Any CPU.ActiveCfg = Release|Any CPU
		{1EEEDF3B-6F9C-4D35-8148-2B8F2E9D67EF}.AppStore|Any CPU.Build.0 = Release|Any CPU
		{1EEEDF3B-6F9C-4D35-8148-2B8F2E9D67EF}.AppStore|ARM.ActiveCfg = Release|Any CPU
		{1EEEDF3B-6F9C-4D35-8148-2B8F2E9D67EF}.AppStore|ARM.Build.0 = Release|Any CPU
		{1EEEDF3B-6F9C-4D35-8148-2B8F2E9D67EF}.AppStore|iPhone.ActiveCfg = Release|Any CPU
		{1EEEDF3B-6F9C-4D35-8148-2B8F2E9D67EF}.AppStore|iPhone.Build.0 = Release|Any CPU
		{1EEEDF3B-6F9C-4D35-8148-2B8F2E9D67EF}.AppStore|iPhoneSimulator.ActiveCfg = Release|Any CPU
		{1EEEDF3B-6F9C-4D35-8148-2B8F2E9D67EF}.AppStore|iPhoneSimulator.Build.0 = Release|Any CPU
		{1EEEDF3B-6F9C-4D35-8148-2B8F2E9D67EF}.AppStore|x86.ActiveCfg = Release|Any CPU
		{1EEEDF3B-6F9C-4D35-8148-2B8F2E9D67EF}.AppStore|x86.Build.0 = Release|Any CPU
		{1EEEDF3B-6F9C-4D35-8148-2B8F2E9D67EF}.Debug|Any CPU.ActiveCfg = Debug|Any CPU
		{1EEEDF3B-6F9C-4D35-8148-2B8F2E9D67EF}.Debug|Any CPU.Build.0 = Debug|Any CPU
		{1EEEDF3B-6F9C-4D35-8148-2B8F2E9D67EF}.Debug|ARM.ActiveCfg = Debug|Any CPU
		{1EEEDF3B-6F9C-4D35-8148-2B8F2E9D67EF}.Debug|ARM.Build.0 = Debug|Any CPU
		{1EEEDF3B-6F9C-4D35-8148-2B8F2E9D67EF}.Debug|iPhone.ActiveCfg = Debug|Any CPU
		{1EEEDF3B-6F9C-4D35-8148-2B8F2E9D67EF}.Debug|iPhone.Build.0 = Debug|Any CPU
		{1EEEDF3B-6F9C-4D35-8148-2B8F2E9D67EF}.Debug|iPhoneSimulator.ActiveCfg = Debug|Any CPU
		{1EEEDF3B-6F9C-4D35-8148-2B8F2E9D67EF}.Debug|iPhoneSimulator.Build.0 = Debug|Any CPU
		{1EEEDF3B-6F9C-4D35-8148-2B8F2E9D67EF}.Debug|x86.ActiveCfg = Debug|Any CPU
		{1EEEDF3B-6F9C-4D35-8148-2B8F2E9D67EF}.Debug|x86.Build.0 = Debug|Any CPU
		{1EEEDF3B-6F9C-4D35-8148-2B8F2E9D67EF}.Release|Any CPU.ActiveCfg = Release|Any CPU
		{1EEEDF3B-6F9C-4D35-8148-2B8F2E9D67EF}.Release|Any CPU.Build.0 = Release|Any CPU
		{1EEEDF3B-6F9C-4D35-8148-2B8F2E9D67EF}.Release|ARM.ActiveCfg = Release|Any CPU
		{1EEEDF3B-6F9C-4D35-8148-2B8F2E9D67EF}.Release|ARM.Build.0 = Release|Any CPU
		{1EEEDF3B-6F9C-4D35-8148-2B8F2E9D67EF}.Release|iPhone.ActiveCfg = Release|Any CPU
		{1EEEDF3B-6F9C-4D35-8148-2B8F2E9D67EF}.Release|iPhone.Build.0 = Release|Any CPU
		{1EEEDF3B-6F9C-4D35-8148-2B8F2E9D67EF}.Release|iPhoneSimulator.ActiveCfg = Release|Any CPU
		{1EEEDF3B-6F9C-4D35-8148-2B8F2E9D67EF}.Release|iPhoneSimulator.Build.0 = Release|Any CPU
		{1EEEDF3B-6F9C-4D35-8148-2B8F2E9D67EF}.Release|x86.ActiveCfg = Release|Any CPU
		{1EEEDF3B-6F9C-4D35-8148-2B8F2E9D67EF}.Release|x86.Build.0 = Release|Any CPU
	EndGlobalSection
	GlobalSection(SolutionProperties) = preSolution
		HideSolutionNode = FALSE
	EndGlobalSection
EndGlobal
